
Microsoft Visual Studio Solution File, Format Version 12.00
# Visual Studio Version 17
VisualStudioVersion = 17.7.34018.315
MinimumVisualStudioVersion = 10.0.40219.1
Project("{FAE04EC0-301F-11D3-BF4B-00C04F79EFBC}") = "ProjectManager", "ProjectManager.csproj", "{6DDD9C33-6F75-4AF2-9562-2B68E79A90E4}"
EndProject
Global
	GlobalSection(SolutionConfigurationPlatforms) = preSolution
		Debug|Any CPU = Debug|Any CPU
		Release|Any CPU = Release|Any CPU
	EndGlobalSection
	GlobalSection(ProjectConfigurationPlatforms) = postSolution
		{6DDD9C33-6F75-4AF2-9562-2B68E79A90E4}.Debug|Any CPU.ActiveCfg = Debug|Any CPU
		{6DDD9C33-6F75-4AF2-9562-2B68E79A90E4}.Debug|Any CPU.Build.0 = Debug|Any CPU
		{6DDD9C33-6F75-4AF2-9562-2B68E79A90E4}.Release|Any CPU.ActiveCfg = Release|Any CPU
		{6DDD9C33-6F75-4AF2-9562-2B68E79A90E4}.Release|Any CPU.Build.0 = Release|Any CPU
	EndGlobalSection
	GlobalSection(SolutionProperties) = preSolution
		HideSolutionNode = FALSE
	EndGlobalSection
	GlobalSection(ExtensibilityGlobals) = postSolution
		SolutionGuid = {B3D89F04-1624-4F71-8303-DBFE37B6783F}
	EndGlobalSection
EndGlobal
